// !$*UTF8*$!
{
	archiveVersion = 1;
	classes = {
	};
	objectVersion = 46;
	objects = {

/* Begin PBXBuildFile section */
		E4943A6E1A81C71B00912EB7 /* Common.h in CopyFiles */ = {isa = PBXBuildFile; fileRef = E4943A6D1A81C71B00912EB7 /* Common.h */; };
		E4943A701A81C71B00912EB7 /* Common.m in Sources */ = {isa = PBXBuildFile; fileRef = E4943A6F1A81C71B00912EB7 /* Common.m */; };
		E4943A761A81C71B00912EB7 /* libCommon.a in Frameworks */ = {isa = PBXBuildFile; fileRef = E4943A6A1A81C71B00912EB7 /* libCommon.a */; };
/* End PBXBuildFile section */

/* Begin PBXContainerItemProxy section */
		E4943A771A81C71B00912EB7 /* PBXContainerItemProxy */ = {
			isa = PBXContainerItemProxy;
			containerPortal = E4943A621A81C71B00912EB7 /* Project object */;
			proxyType = 1;
			remoteGlobalIDString = E4943A691A81C71B00912EB7;
			remoteInfo = Common;
		};
/* End PBXContainerItemProxy section */

/* Begin PBXCopyFilesBuildPhase section */
		E4943A681A81C71B00912EB7 /* CopyFiles */ = {
			isa = PBXCopyFilesBuildPhase;
			buildActionMask = 2147483647;
			dstPath = "include/$(PRODUCT_NAME)";
			dstSubfolderSpec = 16;
			files = (
				E4943A6E1A81C71B00912EB7 /* Common.h in CopyFiles */,
			);
			runOnlyForDeploymentPostprocessing = 0;
		};
/* End PBXCopyFilesBuildPhase section */

/* Begin PBXFileReference section */
		E4943A6A1A81C71B00912EB7 /* libCommon.a */ = {isa = PBXFileReference; explicitFileType = archive.ar; includeInIndex = 0; path = libCommon.a; sourceTree = BUILT_PRODUCTS_DIR; };
		E4943A6D1A81C71B00912EB7 /* Common.h */ = {isa = PBXFileReference; lastKnownFileType = sourcecode.c.h; path = Common.h; sourceTree = "<group>"; };
		E4943A6F1A81C71B00912EB7 /* Common.m */ = {isa = PBXFileReference; lastKnownFileType = sourcecode.c.objc; path = Common.m; sourceTree = "<group>"; };
		E4943A751A81C71B00912EB7 /* CommonTests.xctest */ = {isa = PBXFileReference; explicitFileType = wrapper.cfbundle; includeInIndex = 0; path = CommonTests.xctest; sourceTree = BUILT_PRODUCTS_DIR; };
		E4943A7B1A81C71B00912EB7 /* Info.plist */ = {isa = PBXFileReference; lastKnownFileType = text.plist.xml; path = Info.plist; sourceTree = "<group>"; };
/* End PBXFileReference section */

/* Begin PBXFrameworksBuildPhase section */
		E4943A671A81C71B00912EB7 /* Frameworks */ = {
			isa = PBXFrameworksBuildPhase;
			buildActionMask = 2147483647;
			files = (
			);
			runOnlyForDeploymentPostprocessing = 0;
		};
		E4943A721A81C71B00912EB7 /* Frameworks */ = {
			isa = PBXFrameworksBuildPhase;
			buildActionMask = 2147483647;
			files = (
				E4943A761A81C71B00912EB7 /* libCommon.a in Frameworks */,
			);
			runOnlyForDeploymentPostprocessing = 0;
		};
/* End PBXFrameworksBuildPhase section */

/* Begin PBXGroup section */
		E4943A611A81C71B00912EB7 = {
			isa = PBXGroup;
			children = (
				E4943A6C1A81C71B00912EB7 /* Common */,
				E4943A791A81C71B00912EB7 /* CommonTests */,
				E4943A6B1A81C71B00912EB7 /* Products */,
			);
			sourceTree = "<group>";
		};
		E4943A6B1A81C71B00912EB7 /* Products */ = {
			isa = PBXGroup;
			children = (
				E4943A6A1A81C71B00912EB7 /* libCommon.a */,
				E4943A751A81C71B00912EB7 /* CommonTests.xctest */,
			);
			name = Products;
			sourceTree = "<group>";
		};
		E4943A6C1A81C71B00912EB7 /* Common */ = {
			isa = PBXGroup;
			children = (
				E4943A6D1A81C71B00912EB7 /* Common.h */,
				E4943A6F1A81C71B00912EB7 /* Common.m */,
			);
			path = Common;
			sourceTree = "<group>";
		};
		E4943A791A81C71B00912EB7 /* CommonTests */ = {
			isa = PBXGroup;
			children = (
				E4943A7A1A81C71B00912EB7 /* Supporting Files */,
			);
			path = CommonTests;
			sourceTree = "<group>";
		};
		E4943A7A1A81C71B00912EB7 /* Supporting Files */ = {
			isa = PBXGroup;
			children = (
				E4943A7B1A81C71B00912EB7 /* Info.plist */,
			);
			name = "Supporting Files";
			sourceTree = "<group>";
		};
/* End PBXGroup section */

/* Begin PBXNativeTarget section */
		E4943A691A81C71B00912EB7 /* Common */ = {
			isa = PBXNativeTarget;
			buildConfigurationList = E4943A7E1A81C71B00912EB7 /* Build configuration list for PBXNativeTarget "Common" */;
			buildPhases = (
				E4943A661A81C71B00912EB7 /* Sources */,
				E4943A671A81C71B00912EB7 /* Frameworks */,
				E4943A681A81C71B00912EB7 /* CopyFiles */,
			);
			buildRules = (
			);
			dependencies = (
			);
			name = Common;
			productName = Common;
			productReference = E4943A6A1A81C71B00912EB7 /* libCommon.a */;
			productType = "com.apple.product-type.library.static";
		};
		E4943A741A81C71B00912EB7 /* CommonTests */ = {
			isa = PBXNativeTarget;
			buildConfigurationList = E4943A811A81C71B00912EB7 /* Build configuration list for PBXNativeTarget "CommonTests" */;
			buildPhases = (
				E4943A711A81C71B00912EB7 /* Sources */,
				E4943A721A81C71B00912EB7 /* Frameworks */,
				E4943A731A81C71B00912EB7 /* Resources */,
			);
			buildRules = (
			);
			dependencies = (
				E4943A781A81C71B00912EB7 /* PBXTargetDependency */,
			);
			name = CommonTests;
			productName = CommonTests;
			productReference = E4943A751A81C71B00912EB7 /* CommonTests.xctest */;
			productType = "com.apple.product-type.bundle.unit-test";
		};
/* End PBXNativeTarget section */

/* Begin PBXProject section */
		E4943A621A81C71B00912EB7 /* Project object */ = {
			isa = PBXProject;
			attributes = {
				LastUpgradeCheck = 0610;
				ORGANIZATIONNAME = Damon;
				TargetAttributes = {
					E4943A691A81C71B00912EB7 = {
						CreatedOnToolsVersion = 6.1;
					};
					E4943A741A81C71B00912EB7 = {
						CreatedOnToolsVersion = 6.1;
					};
				};
			};
			buildConfigurationList = E4943A651A81C71B00912EB7 /* Build configuration list for PBXProject "Common" */;
			compatibilityVersion = "Xcode 3.2";
			developmentRegion = English;
			hasScannedForEncodings = 0;
			knownRegions = (
				en,
			);
			mainGroup = E4943A611A81C71B00912EB7;
			productRefGroup = E4943A6B1A81C71B00912EB7 /* Products */;
			projectDirPath = "";
			projectRoot = "";
			targets = (
				E4943A691A81C71B00912EB7 /* Common */,
				E4943A741A81C71B00912EB7 /* CommonTests */,
			);
		};
/* End PBXProject section */

/* Begin PBXResourcesBuildPhase section */
		E4943A731A81C71B00912EB7 /* Resources */ = {
			isa = PBXResourcesBuildPhase;
			buildActionMask = 2147483647;
			files = (
			);
			runOnlyForDeploymentPostprocessing = 0;
		};
/* End PBXResourcesBuildPhase section */

/* Begin PBXSourcesBuildPhase section */
		E4943A661A81C71B00912EB7 /* Sources */ = {
			isa = PBXSourcesBuildPhase;
			buildActionMask = 2147483647;
			files = (
				E4943A701A81C71B00912EB7 /* Common.m in Sources */,
			);
			runOnlyForDeploymentPostprocessing = 0;
		};
		E4943A711A81C71B00912EB7 /* Sources */ = {
			isa = PBXSourcesBuildPhase;
			buildActionMask = 2147483647;
			files = (
			);
			runOnlyForDeploymentPostprocessing = 0;
		};
/* End PBXSourcesBuildPhase section */

/* Begin PBXTargetDependency section */
		E4943A781A81C71B00912EB7 /* PBXTargetDependency */ = {
			isa = PBXTargetDependency;
			target = E4943A691A81C71B00912EB7 /* Common */;
			targetProxy = E4943A771A81C71B00912EB7 /* PBXContainerItemProxy */;
		};
/* End PBXTargetDependency section */

/* Begin XCBuildConfiguration section */
		E4943A7C1A81C71B00912EB7 /* Debug */ = {
			isa = XCBuildConfiguration;
			buildSettings = {
				ALWAYS_SEARCH_USER_PATHS = NO;
				CLANG_CXX_LANGUAGE_STANDARD = "gnu++0x";
				CLANG_CXX_LIBRARY = "libc++";
				CLANG_ENABLE_MODULES = YES;
				CLANG_ENABLE_OBJC_ARC = YES;
				CLANG_WARN_BOOL_CONVERSION = YES;
				CLANG_WARN_CONSTANT_CONVERSION = YES;
				CLANG_WARN_DIRECT_OBJC_ISA_USAGE = YES_ERROR;
				CLANG_WARN_EMPTY_BODY = YES;
				CLANG_WARN_ENUM_CONVERSION = YES;
				CLANG_WARN_INT_CONVERSION = YES;
				CLANG_WARN_OBJC_ROOT_CLASS = YES_ERROR;
				CLANG_WARN_UNREACHABLE_CODE = YES;
				CLANG_WARN__DUPLICATE_METHOD_MATCH = YES;
				COPY_PHASE_STRIP = NO;
				ENABLE_STRICT_OBJC_MSGSEND = YES;
				GCC_C_LANGUAGE_STANDARD = gnu99;
				GCC_DYNAMIC_NO_PIC = NO;
				GCC_OPTIMIZATION_LEVEL = 0;
				GCC_PREPROCESSOR_DEFINITIONS = (
					"DEBUG=1",
					"$(inherited)",
				);
				GCC_SYMBOLS_PRIVATE_EXTERN = NO;
				GCC_WARN_64_TO_32_BIT_CONVERSION = YES;
				GCC_WARN_ABOUT_RETURN_TYPE = YES_ERROR;
				GCC_WARN_UNDECLARED_SELECTOR = YES;
				GCC_WARN_UNINITIALIZED_AUTOS = YES_AGGRESSIVE;
				GCC_WARN_UNUSED_FUNCTION = YES;
				GCC_WARN_UNUSED_VARIABLE = YES;
				IPHONEOS_DEPLOYMENT_TARGET = 8.1;
				MTL_ENABLE_DEBUG_INFO = YES;
				ONLY_ACTIVE_ARCH = YES;
				SDKROOT = iphoneos;
			};
			name = Debug;
		};
		E4943A7D1A81C71B00912EB7 /* Release */ = {
			isa = XCBuildConfiguration;
			buildSettings = {
				ALWAYS_SEARCH_USER_PATHS = NO;
				CLANG_CXX_LANGUAGE_STANDARD = "gnu++0x";
				CLANG_CXX_LIBRARY = "libc++";
				CLANG_ENABLE_MODULES = YES;
				CLANG_ENABLE_OBJC_ARC = YES;
				CLANG_WARN_BOOL_CONVERSION = YES;
				CLANG_WARN_CONSTANT_CONVERSION = YES;
				CLANG_WARN_DIRECT_OBJC_ISA_USAGE = YES_ERROR;
				CLANG_WARN_EMPTY_BODY = YES;
				CLANG_WARN_ENUM_CONVERSION = YES;
				CLANG_WARN_INT_CONVERSION = YES;
				CLANG_WARN_OBJC_ROOT_CLASS = YES_ERROR;
				CLANG_WARN_UNREACHABLE_CODE = YES;
				CLANG_WARN__DUPLICATE_METHOD_MATCH = YES;
				COPY_PHASE_STRIP = YES;
				ENABLE_NS_ASSERTIONS = NO;
				ENABLE_STRICT_OBJC_MSGSEND = YES;
				GCC_C_LANGUAGE_STANDARD = gnu99;
				GCC_WARN_64_TO_32_BIT_CONVERSION = YES;
				GCC_WARN_ABOUT_RETURN_TYPE = YES_ERROR;
				GCC_WARN_UNDECLARED_SELECTOR = YES;
				GCC_WARN_UNINITIALIZED_AUTOS = YES_AGGRESSIVE;
				GCC_WARN_UNUSED_FUNCTION = YES;
				GCC_WARN_UNUSED_VARIABLE = YES;
				IPHONEOS_DEPLOYMENT_TARGET = 8.1;
				MTL_ENABLE_DEBUG_INFO = NO;
				SDKROOT = iphoneos;
				VALIDATE_PRODUCT = YES;
			};
			name = Release;
		};
		E4943A7F1A81C71B00912EB7 /* Debug */ = {
			isa = XCBuildConfiguration;
			buildSettings = {
				OTHER_LDFLAGS = "-ObjC";
				PRODUCT_NAME = "$(TARGET_NAME)";
				SKIP_INSTALL = YES;
			};
			name = Debug;
		};
		E4943A801A81C71B00912EB7 /* Release */ = {
			isa = XCBuildConfiguration;
			buildSettings = {
				OTHER_LDFLAGS = "-ObjC";
				PRODUCT_NAME = "$(TARGET_NAME)";
				SKIP_INSTALL = YES;
			};
			name = Release;
		};
		E4943A821A81C71B00912EB7 /* Debug */ = {
			isa = XCBuildConfiguration;
			buildSettings = {
				FRAMEWORK_SEARCH_PATHS = (
					"$(SDKROOT)/Developer/Library/Frameworks",
					"$(inherited)",
				);
				GCC_PREPROCESSOR_DEFINITIONS = (
					"DEBUG=1",
					"$(inherited)",
				);
				INFOPLIST_FILE = CommonTests/Info.plist;
				LD_RUNPATH_SEARCH_PATHS = "$(inherited) @executable_path/Frameworks @loader_path/Frameworks";
				PRODUCT_NAME = "$(TARGET_NAME)";
			};
			name = Debug;
		};
		E4943A831A81C71B00912EB7 /* Release */ = {
			isa = XCBuildConfiguration;
			buildSettings = {
				FRAMEWORK_SEARCH_PATHS = (
					"$(SDKROOT)/Developer/Library/Frameworks",
					"$(inherited)",
				);
				INFOPLIST_FILE = CommonTests/Info.plist;
				LD_RUNPATH_SEARCH_PATHS = "$(inherited) @executable_path/Frameworks @loader_path/Frameworks";
				PRODUCT_NAME = "$(TARGET_NAME)";
			};
			name = Release;
		};
/* End XCBuildConfiguration section */

/* Begin XCConfigurationList section */
		E4943A651A81C71B00912EB7 /* Build configuration list for PBXProject "Common" */ = {
			isa = XCConfigurationList;
			buildConfigurations = (
				E4943A7C1A81C71B00912EB7 /* Debug */,
				E4943A7D1A81C71B00912EB7 /* Release */,
			);
			defaultConfigurationIsVisible = 0;
			defaultConfigurationName = Release;
		};
		E4943A7E1A81C71B00912EB7 /* Build configuration list for PBXNativeTarget "Common" */ = {
			isa = XCConfigurationList;
			buildConfigurations = (
				E4943A7F1A81C71B00912EB7 /* Debug */,
				E4943A801A81C71B00912EB7 /* Release */,
			);
			defaultConfigurationIsVisible = 0;
		};
		E4943A811A81C71B00912EB7 /* Build configuration list for PBXNativeTarget "CommonTests" */ = {
			isa = XCConfigurationList;
			buildConfigurations = (
				E4943A821A81C71B00912EB7 /* Debug */,
				E4943A831A81C71B00912EB7 /* Release */,
			);
			defaultConfigurationIsVisible = 0;
		};
/* End XCConfigurationList section */
	};
	rootObject = E4943A621A81C71B00912EB7 /* Project object */;
}
